version: 6
environments:
  default:
    channels:
    - url: https://conda.anaconda.org/conda-forge/
    options:
      pypi-prerelease-mode: if-necessary-or-explicit
    packages:
      linux-64:
      - conda: https://conda.anaconda.org/conda-forge/linux-64/_openmp_mutex-4.5-20_gnu.conda
      - conda: https://conda.anaconda.org/conda-forge/noarch/ca-certificates-2026.4.22-hbd8a1cb_0.conda
      - conda: https://conda.anaconda.org/conda-forge/linux-64/icu-78.3-h33c6efd_0.conda
      - conda: https://conda.anaconda.org/conda-forge/linux-64/libgcc-15.2.0-he0feb66_18.conda
      - conda: https://conda.anaconda.org/conda-forge/linux-64/libgomp-15.2.0-he0feb66_18.conda
      - conda: https://conda.anaconda.org/conda-forge/linux-64/libstdcxx-15.2.0-h934c35e_18.conda
      - conda: https://conda.anaconda.org/conda-forge/linux-64/libuv-1.51.0-hb03c661_1.conda
      - conda: https://conda.anaconda.org/conda-forge/linux-64/libzlib-1.3.2-h25fd6f3_2.conda
      - conda: https://conda.anaconda.org/conda-forge/linux-64/nodejs-22.22.2-h273caaf_0.conda
      - conda: https://conda.anaconda.org/conda-forge/linux-64/openssl-3.6.2-h35e630c_0.conda
      osx-64:
      - conda: https://conda.anaconda.org/conda-forge/noarch/ca-certificates-2026.4.22-hbd8a1cb_0.conda
      - conda: https://conda.anaconda.org/conda-forge/osx-64/icu-78.3-h25d91c4_0.conda
      - conda: https://conda.anaconda.org/conda-forge/osx-64/libcxx-22.1.4-h19cb2f5_0.conda
      - conda: https://conda.anaconda.org/conda-forge/osx-64/libuv-1.51.0-h58003a5_1.conda
      - conda: https://conda.anaconda.org/conda-forge/osx-64/libzlib-1.3.2-hbb4bfdb_2.conda
      - conda: https://conda.anaconda.org/conda-forge/osx-64/nodejs-22.22.2-h5d72c05_0.conda
      - conda: https://conda.anaconda.org/conda-forge/osx-64/openssl-3.6.2-hc881268_0.conda
      osx-arm64:
      - conda: https://conda.anaconda.org/conda-forge/noarch/ca-certificates-2026.4.22-hbd8a1cb_0.conda
      - conda: https://conda.anaconda.org/conda-forge/osx-arm64/icu-78.3-hef89b57_0.conda
      - conda: https://conda.anaconda.org/conda-forge/osx-arm64/libcxx-22.1.4-h55c6f16_0.conda
      - conda: https://conda.anaconda.org/conda-forge/osx-arm64/libuv-1.51.0-h6caf38d_1.conda
      - conda: https://conda.anaconda.org/conda-forge/osx-arm64/libzlib-1.3.2-h8088a28_2.conda
      - conda: https://conda.anaconda.org/conda-forge/osx-arm64/nodejs-22.22.2-h2e6c367_0.conda
      - conda: https://conda.anaconda.org/conda-forge/osx-arm64/openssl-3.6.2-hd24854e_0.conda
packages:
- conda: https://conda.anaconda.org/conda-forge/linux-64/_openmp_mutex-4.5-20_gnu.conda
  build_number: 20
  sha256: 1dd3fffd892081df9726d7eb7e0dea6198962ba775bd88842135a4ddb4deb3c9
  md5: a9f577daf3de00bca7c3c76c0ecbd1de
  depends:
  - __glibc >=2.17,<3.0.a0
  - libgomp >=7.5.0
  constrains:
  - openmp_impl <0.0a0
  license: BSD-3-Clause
  license_family: BSD
  size: 28948
  timestamp: 1770939786096
- conda: https://conda.anaconda.org/conda-forge/noarch/ca-certificates-2026.4.22-hbd8a1cb_0.conda
  sha256: c9dbcc8039a52023660d6d1bbf87594a93dd69c6ac5a2a44323af2c92976728d
  md5: e18ad67cf881dcadee8b8d9e2f8e5f73
  depends:
  - __unix
  license: ISC
  size: 131039
  timestamp: 1776865545798
- conda: https://conda.anaconda.org/conda-forge/linux-64/icu-78.3-h33c6efd_0.conda
  sha256: fbf86c4a59c2ed05bbffb2ba25c7ed94f6185ec30ecb691615d42342baa1a16a
  md5: c80d8a3b84358cb967fa81e7075fbc8a
  depends:
  - __glibc >=2.17,<3.0.a0
  - libgcc >=14
  - libstdcxx >=14
  license: MIT
  license_family: MIT
  size: 12723451
  timestamp: 1773822285671
- conda: https://conda.anaconda.org/conda-forge/osx-64/icu-78.3-h25d91c4_0.conda
  sha256: 1294117122d55246bb83ad5b589e2a031aacdf2d0b1f99fd338aa4394f881735
  md5: 627eca44e62e2b665eeec57a984a7f00
  depends:
  - __osx >=11.0
  license: MIT
  license_family: MIT
  size: 12273764
  timestamp: 1773822733780
- conda: https://conda.anaconda.org/conda-forge/osx-arm64/icu-78.3-hef89b57_0.conda
  sha256: 3a7907a17e9937d3a46dfd41cffaf815abad59a569440d1e25177c15fd0684e5
  md5: f1182c91c0de31a7abd40cedf6a5ebef
  depends:
  - __osx >=11.0
  license: MIT
  license_family: MIT
  size: 12361647
  timestamp: 1773822915649
- conda: https://conda.anaconda.org/conda-forge/osx-64/libcxx-22.1.4-h19cb2f5_0.conda
  sha256: 596a0bdd5321c5e41a4734f18b35bcbc5d116079d13bc40d765fd93c32b285d1
  md5: 4394b1ba4b9604ac4e1c5bdc74451279
  depends:
  - __osx >=11.0
  license: Apache-2.0 WITH LLVM-exception
  license_family: Apache
  size: 567125
  timestamp: 1776815441323
- conda: https://conda.anaconda.org/conda-forge/osx-arm64/libcxx-22.1.4-h55c6f16_0.conda
  sha256: 25a0d02148a39b665d9c2957676faf62a4d2a58494d53b201151199a197db4b0
  md5: 448a1af83a9205655ee1cf48d3875ca3
  depends:
  - __osx >=11.0
  license: Apache-2.0 WITH LLVM-exception
  license_family: Apache
  size: 569927
  timestamp: 1776816293111
- conda: https://conda.anaconda.org/conda-forge/linux-64/libgcc-15.2.0-he0feb66_18.conda
  sha256: faf7d2017b4d718951e3a59d081eb09759152f93038479b768e3d612688f83f5
  md5: 0aa00f03f9e39fb9876085dee11a85d4
  depends:
  - __glibc >=2.17,<3.0.a0
  - _openmp_mutex >=4.5
  constrains:
  - libgcc-ng ==15.2.0=*_18
  - libgomp 15.2.0 he0feb66_18
  license: GPL-3.0-only WITH GCC-exception-3.1
  license_family: GPL
  size: 1041788
  timestamp: 1771378212382
- conda: https://conda.anaconda.org/conda-forge/linux-64/libgomp-15.2.0-he0feb66_18.conda
  sha256: 21337ab58e5e0649d869ab168d4e609b033509de22521de1bfed0c031bfc5110
  md5: 239c5e9546c38a1e884d69effcf4c882
  depends:
  - __glibc >=2.17,<3.0.a0
  license: GPL-3.0-only WITH GCC-exception-3.1
  license_family: GPL
  size: 603262
  timestamp: 1771378117851
- conda: https://conda.anaconda.org/conda-forge/linux-64/libstdcxx-15.2.0-h934c35e_18.conda
  sha256: 78668020064fdaa27e9ab65cd2997e2c837b564ab26ce3bf0e58a2ce1a525c6e
  md5: 1b08cd684f34175e4514474793d44bcb
  depends:
  - __glibc >=2.17,<3.0.a0
  - libgcc 15.2.0 he0feb66_18
  constrains:
  - libstdcxx-ng ==15.2.0=*_18
  license: GPL-3.0-only WITH GCC-exception-3.1
  license_family: GPL
  size: 5852330
  timestamp: 1771378262446
- conda: https://conda.anaconda.org/conda-forge/linux-64/libuv-1.51.0-hb03c661_1.conda
  sha256: c180f4124a889ac343fc59d15558e93667d894a966ec6fdb61da1604481be26b
  md5: 0f03292cc56bf91a077a134ea8747118
  depends:
  - __glibc >=2.17,<3.0.a0
  - libgcc >=14
  license: MIT
  license_family: MIT
  size: 895108
  timestamp: 1753948278280
- conda: https://conda.anaconda.org/conda-forge/osx-64/libuv-1.51.0-h58003a5_1.conda
  sha256: d90dd0eee6f195a5bd14edab4c5b33be3635b674b0b6c010fb942b956aa2254c
  md5: fbfc6cf607ae1e1e498734e256561dc3
  depends:
  - __osx >=10.13
  license: MIT
  license_family: MIT
  size: 422612
  timestamp: 1753948458902
- conda: https://conda.anaconda.org/conda-forge/osx-arm64/libuv-1.51.0-h6caf38d_1.conda
  sha256: 042c7488ad97a5629ec0a991a8b2a3345599401ecc75ad6a5af73b60e6db9689
  md5: c0d87c3c8e075daf1daf6c31b53e8083
  depends:
  - __osx >=11.0
  license: MIT
  license_family: MIT
  size: 421195
  timestamp: 1753948426421
- conda: https://conda.anaconda.org/conda-forge/linux-64/libzlib-1.3.2-h25fd6f3_2.conda
  sha256: 55044c403570f0dc26e6364de4dc5368e5f3fc7ff103e867c487e2b5ab2bcda9
  md5: d87ff7921124eccd67248aa483c23fec
  depends:
  - __glibc >=2.17,<3.0.a0
  constrains:
  - zlib 1.3.2 *_2
  license: Zlib
  license_family: Other
  size: 63629
  timestamp: 1774072609062
- conda: https://conda.anaconda.org/conda-forge/osx-64/libzlib-1.3.2-hbb4bfdb_2.conda
  sha256: 4c6da089952b2d70150c74234679d6f7ac04f4a98f9432dec724968f912691e7
  md5: 30439ff30578e504ee5e0b390afc8c65
  depends:
  - __osx >=11.0
  constrains:
  - zlib 1.3.2 *_2
  license: Zlib
  license_family: Other
  size: 59000
  timestamp: 1774073052242
- conda: https://conda.anaconda.org/conda-forge/osx-arm64/libzlib-1.3.2-h8088a28_2.conda
  sha256: 361415a698514b19a852f5d1123c5da746d4642139904156ddfca7c922d23a05
  md5: bc5a5721b6439f2f62a84f2548136082
  depends:
  - __osx >=11.0
  constrains:
  - zlib 1.3.2 *_2
  license: Zlib
  license_family: Other
  size: 47759
  timestamp: 1774072956767
- conda: https://conda.anaconda.org/conda-forge/linux-64/nodejs-22.22.2-h273caaf_0.conda
  sha256: 96b2973e280a867f1ad96fdb4413e4a24e2953487fd4cfce579214712b92f452
  md5: 81a057418ed2da9bd0463429d94ee140
  depends:
  - libstdcxx >=14
  - libgcc >=14
  - __glibc >=2.28,<3.0.a0
  - openssl >=3.5.5,<4.0a0
  - libzlib >=1.3.2,<2.0a0
  - icu >=78.3,<79.0a0
  - libuv >=1.51.0,<2.0a0
  license: MIT
  license_family: MIT
  size: 24131706
  timestamp: 1774516679471
- conda: https://conda.anaconda.org/conda-forge/osx-64/nodejs-22.22.2-h5d72c05_0.conda
  sha256: 23f85cb1e1bd6fc16fbfa4440f7d3909e8daa587dce6c19764a4638a5dfa3df1
  md5: 6be8f1395dfe143ce1d2e71da3a9cddf
  depends:
  - __osx >=10.15
  - libcxx >=19
  - libzlib >=1.3.2,<2.0a0
  - icu >=78.3,<79.0a0
  - libuv >=1.51.0,<2.0a0
  - openssl >=3.5.5,<4.0a0
  license: MIT
  license_family: MIT
  size: 17639577
  timestamp: 1774518173221
- conda: https://conda.anaconda.org/conda-forge/osx-arm64/nodejs-22.22.2-h2e6c367_0.conda
  sha256: 2e8b09512a2a6a196c632c3b4c51d29cf90127b5e08e165448d22eb636ca9931
  md5: 898ab7075e4194872ee28742645de9ea
  depends:
  - __osx >=11.0
  - libcxx >=19
  - libuv >=1.51.0,<2.0a0
  - libzlib >=1.3.2,<2.0a0
  - openssl >=3.5.5,<4.0a0
  - icu >=78.3,<79.0a0
  license: MIT
  license_family: MIT
  size: 16675444
  timestamp: 1774518175001
- conda: https://conda.anaconda.org/conda-forge/linux-64/openssl-3.6.2-h35e630c_0.conda
  sha256: c0ef482280e38c71a08ad6d71448194b719630345b0c9c60744a2010e8a8e0cb
  md5: da1b85b6a87e141f5140bb9924cecab0
  depends:
  - __glibc >=2.17,<3.0.a0
  - ca-certificates
  - libgcc >=14
  license: Apache-2.0
  license_family: Apache
  size: 3167099
  timestamp: 1775587756857
- conda: https://conda.anaconda.org/conda-forge/osx-64/openssl-3.6.2-hc881268_0.conda
  sha256: 334fd49ea31b99114f5afb1ec44555dc8c90640648302a4f8f838ee345d1ec50
  md5: 5cf0ece4375c73d7a5765e83565a69c7
  depends:
  - __osx >=11.0
  - ca-certificates
  license: Apache-2.0
  license_family: Apache
  size: 2776564
  timestamp: 1775589970694
- conda: https://conda.anaconda.org/conda-forge/osx-arm64/openssl-3.6.2-hd24854e_0.conda
  sha256: c91bf510c130a1ea1b6ff023e28bac0ccaef869446acd805e2016f69ebdc49ea
  md5: 25dcccd4f80f1638428613e0d7c9b4e1
  depends:
  - __osx >=11.0
  - ca-certificates
  license: Apache-2.0
  license_family: Apache
  size: 3106008
  timestamp: 1775587972483
